
Microsoft Visual Studio Solution File, Format Version 12.00
# Visual Studio Version 16
VisualStudioVersion = 16.0.30717.126
MinimumVisualStudioVersion = 10.0.40219.1
Project("{FAE04EC0-301F-11D3-BF4B-00C04F79EFBC}") = "CyberArk", "CyberArk\CyberArk.csproj", "{5DD8D997-B4F1-417D-8513-A3D95749DDAA}"
EndProject
Global
	GlobalSection(SolutionConfigurationPlatforms) = preSolution
		Debug|Any CPU = Debug|Any CPU
		Debug|x64 = Debug|x64
		Release|Any CPU = Release|Any CPU
		Release|x64 = Release|x64
	EndGlobalSection
	GlobalSection(ProjectConfigurationPlatforms) = postSolution
		{5DD8D997-B4F1-417D-8513-A3D95749DDAA}.Debug|Any CPU.ActiveCfg = Debug|Any CPU
		{5DD8D997-B4F1-417D-8513-A3D95749DDAA}.Debug|Any CPU.Build.0 = Debug|Any CPU
		{5DD8D997-B4F1-417D-8513-A3D95749DDAA}.Debug|x64.ActiveCfg = Debug|x64
		{5DD8D997-B4F1-417D-8513-A3D95749DDAA}.Debug|x64.Build.0 = Debug|x64
		{5DD8D997-B4F1-417D-8513-A3D95749DDAA}.Release|Any CPU.ActiveCfg = Release|Any CPU
		{5DD8D997-B4F1-417D-8513-A3D95749DDAA}.Release|Any CPU.Build.0 = Release|Any CPU
		{5DD8D997-B4F1-417D-8513-A3D95749DDAA}.Release|x64.ActiveCfg = Release|x64
		{5DD8D997-B4F1-417D-8513-A3D95749DDAA}.Release|x64.Build.0 = Release|x64
	EndGlobalSection
	GlobalSection(SolutionProperties) = preSolution
		HideSolutionNode = FALSE
	EndGlobalSection
	GlobalSection(ExtensibilityGlobals) = postSolution
		SolutionGuid = {845AFB2A-386C-496C-AADD-DD9C5659E3C2}
	EndGlobalSection
	GlobalSection(TeamFoundationVersionControl) = preSolution
		SccNumberOfProjects = 2
		SccEnterpriseProvider = {4CA58AB2-18FA-4F8D-95D4-32DDF27D184C}
		SccTeamFoundationServer = https://hagermanr.visualstudio.com/
		SccLocalPath0 = .
		SccProjectUniqueName1 = CyberArk\\CyberArk.csproj
		SccProjectName1 = CyberArk
		SccLocalPath1 = CyberArk
	EndGlobalSection
EndGlobal
